
Microsoft Visual Studio Solution File, Format Version 12.00
# Visual Studio Version 16
VisualStudioVersion = 16.0.31229.75
MinimumVisualStudioVersion = 10.0.40219.1
Project("{8BC9CEB8-8B4A-11D0-8D11-00A0C91BC942}") = "LearningOpenGL", "LearningOpenGL\LearningOpenGL.vcxproj", "{A1C9EF92-7CF3-4BCE-A603-52A8508B347A}"
EndProject
Global
	GlobalSection(SolutionConfigurationPlatforms) = preSolution
		Debug|x64 = Debug|x64
		Debug|x86 = Debug|x86
		Release|x64 = Release|x64
		Release|x86 = Release|x86
	EndGlobalSection
	GlobalSection(ProjectConfigurationPlatforms) = postSolution
		{A1C9EF92-7CF3-4BCE-A603-52A8508B347A}.Debug|x64.ActiveCfg = Debug|x64
		{A1C9EF92-7CF3-4BCE-A603-52A8508B347A}.Debug|x64.Build.0 = Debug|x64
		{A1C9EF92-7CF3-4BCE-A603-52A8508B347A}.Debug|x86.ActiveCfg = Debug|Win32
		{A1C9EF92-7CF3-4BCE-A603-52A8508B347A}.Debug|x86.Build.0 = Debug|Win32
		{A1C9EF92-7CF3-4BCE-A603-52A8508B347A}.Release|x64.ActiveCfg = Release|x64
		{A1C9EF92-7CF3-4BCE-A603-52A8508B347A}.Release|x64.Build.0 = Release|x64
		{A1C9EF92-7CF3-4BCE-A603-52A8508B347A}.Release|x86.ActiveCfg = Release|Win32
		{A1C9EF92-7CF3-4BCE-A603-52A8508B347A}.Release|x86.Build.0 = Release|Win32
	EndGlobalSection
	GlobalSection(SolutionProperties) = preSolution
		HideSolutionNode = FALSE
	EndGlobalSection
	GlobalSection(ExtensibilityGlobals) = postSolution
		SolutionGuid = {FA10816E-170A-4A3D-BD33-1E8F73591FC0}
	EndGlobalSection
EndGlobal
